
Microsoft Visual Studio Solution File, Format Version 12.00
# Visual Studio 15
Project("{FAE04EC0-301F-11D3-BF4B-00C04F79EFBC}") = "MLAppProcessServer", "MLAppProcessServer.csproj", "{D735844F-9CE0-45BE-9724-61AC1E0BD3ED}"
EndProject
Global
	GlobalSection(SolutionConfigurationPlatforms) = preSolution
		Debug|Any CPU = Debug|Any CPU
		Release|Any CPU = Release|Any CPU
	EndGlobalSection
	GlobalSection(ProjectConfigurationPlatforms) = postSolution
		{D735844F-9CE0-45BE-9724-61AC1E0BD3ED}.Debug|Any CPU.ActiveCfg = Debug|Any CPU
		{D735844F-9CE0-45BE-9724-61AC1E0BD3ED}.Debug|Any CPU.Build.0 = Debug|Any CPU
		{D735844F-9CE0-45BE-9724-61AC1E0BD3ED}.Release|Any CPU.ActiveCfg = Release|Any CPU
		{D735844F-9CE0-45BE-9724-61AC1E0BD3ED}.Release|Any CPU.Build.0 = Release|Any CPU
	EndGlobalSection
EndGlobal
